
Microsoft Visual Studio Solution File, Format Version 12.00
Project("{FAE04EC0-301F-11D3-BF4B-00C04F79EFBC}") = "OpenWeatherMap.OneCall", "OpenWeatherMap.OneCall\OpenWeatherMap.OneCall.csproj", "{A902A28B-C265-427A-80CE-E856E5E6F412}"
EndProject
Global
	GlobalSection(SolutionConfigurationPlatforms) = preSolution
		Debug|Any CPU = Debug|Any CPU
		Release|Any CPU = Release|Any CPU
	EndGlobalSection
	GlobalSection(ProjectConfigurationPlatforms) = postSolution
		{A902A28B-C265-427A-80CE-E856E5E6F412}.Debug|Any CPU.ActiveCfg = Debug|Any CPU
		{A902A28B-C265-427A-80CE-E856E5E6F412}.Debug|Any CPU.Build.0 = Debug|Any CPU
		{A902A28B-C265-427A-80CE-E856E5E6F412}.Release|Any CPU.ActiveCfg = Release|Any CPU
		{A902A28B-C265-427A-80CE-E856E5E6F412}.Release|Any CPU.Build.0 = Release|Any CPU
	EndGlobalSection
EndGlobal
